
Microsoft Visual Studio Solution File, Format Version 12.00
# Visual Studio Version 17
VisualStudioVersion = 17.14.36202.13
MinimumVisualStudioVersion = 10.0.40219.1
Project("{FAE04EC0-301F-11D3-BF4B-00C04F79EFBC}") = "ITSystem", "ITSystem\ITSystem.csproj", "{308DAAAC-1288-4D07-A275-9E321BAC4EB2}"
EndProject
Project("{FAE04EC0-301F-11D3-BF4B-00C04F79EFBC}") = "OTSystem", "OTSystem\OTSystem.csproj", "{5950FDC3-ADDA-4526-A749-6CDA2BBC8CB0}"
EndProject
Project("{FAE04EC0-301F-11D3-BF4B-00C04F79EFBC}") = "IntegrationSystem", "IntegrationSystem\IntegrationSystem.csproj", "{5794B4F8-DEB2-40CF-B2FB-FF4C81327F27}"
EndProject
Project("{2150E333-8FDC-42A3-9474-1A3956D46DE8}") = "infrastructure", "infrastructure", "{02EA681E-C7D8-13C7-8484-4AC65E1B71E8}"
	ProjectSection(SolutionItems) = preProject
		docker-compose.yml = docker-compose.yml
		prometheus.yml = prometheus.yml
	EndProjectSection
EndProject
Project("{2150E333-8FDC-42A3-9474-1A3956D46DE8}") = "grafana", "grafana", "{FF7CC8B4-BAA8-4DBE-AA7B-C4734B2EE54C}"
EndProject
Project("{2150E333-8FDC-42A3-9474-1A3956D46DE8}") = "provisioning", "provisioning", "{E9EFB2FC-F431-4FCC-A6EE-740CF8AADD07}"
EndProject
Project("{2150E333-8FDC-42A3-9474-1A3956D46DE8}") = "datasources", "datasources", "{C5FF6D35-E632-46AF-95AF-3DBE053E1FEB}"
	ProjectSection(SolutionItems) = preProject
		datasource.yml = datasource.yml
	EndProjectSection
EndProject
Global
	GlobalSection(SolutionConfigurationPlatforms) = preSolution
		Debug|Any CPU = Debug|Any CPU
		Release|Any CPU = Release|Any CPU
	EndGlobalSection
	GlobalSection(ProjectConfigurationPlatforms) = postSolution
		{308DAAAC-1288-4D07-A275-9E321BAC4EB2}.Debug|Any CPU.ActiveCfg = Debug|Any CPU
		{308DAAAC-1288-4D07-A275-9E321BAC4EB2}.Debug|Any CPU.Build.0 = Debug|Any CPU
		{308DAAAC-1288-4D07-A275-9E321BAC4EB2}.Release|Any CPU.ActiveCfg = Release|Any CPU
		{308DAAAC-1288-4D07-A275-9E321BAC4EB2}.Release|Any CPU.Build.0 = Release|Any CPU
		{5950FDC3-ADDA-4526-A749-6CDA2BBC8CB0}.Debug|Any CPU.ActiveCfg = Debug|Any CPU
		{5950FDC3-ADDA-4526-A749-6CDA2BBC8CB0}.Debug|Any CPU.Build.0 = Debug|Any CPU
		{5950FDC3-ADDA-4526-A749-6CDA2BBC8CB0}.Release|Any CPU.ActiveCfg = Release|Any CPU
		{5950FDC3-ADDA-4526-A749-6CDA2BBC8CB0}.Release|Any CPU.Build.0 = Release|Any CPU
		{5794B4F8-DEB2-40CF-B2FB-FF4C81327F27}.Debug|Any CPU.ActiveCfg = Debug|Any CPU
		{5794B4F8-DEB2-40CF-B2FB-FF4C81327F27}.Debug|Any CPU.Build.0 = Debug|Any CPU
		{5794B4F8-DEB2-40CF-B2FB-FF4C81327F27}.Release|Any CPU.ActiveCfg = Release|Any CPU
		{5794B4F8-DEB2-40CF-B2FB-FF4C81327F27}.Release|Any CPU.Build.0 = Release|Any CPU
	EndGlobalSection
	GlobalSection(SolutionProperties) = preSolution
		HideSolutionNode = FALSE
	EndGlobalSection
	GlobalSection(NestedProjects) = preSolution
		{FF7CC8B4-BAA8-4DBE-AA7B-C4734B2EE54C} = {02EA681E-C7D8-13C7-8484-4AC65E1B71E8}
		{E9EFB2FC-F431-4FCC-A6EE-740CF8AADD07} = {FF7CC8B4-BAA8-4DBE-AA7B-C4734B2EE54C}
		{C5FF6D35-E632-46AF-95AF-3DBE053E1FEB} = {E9EFB2FC-F431-4FCC-A6EE-740CF8AADD07}
	EndGlobalSection
	GlobalSection(ExtensibilityGlobals) = postSolution
		SolutionGuid = {2A58EDBC-C215-4783-AB95-05427C6C09DB}
	EndGlobalSection
EndGlobal
